
Microsoft Visual Studio Solution File, Format Version 12.00
# Visual Studio Version 16
VisualStudioVersion = 16.0.29728.190
MinimumVisualStudioVersion = 10.0.40219.1
Project("{9A19103F-16F7-4668-BE54-9A1E7A4F7556}") = "FridayNight.DAL", "FridayNight.DAL\FridayNight.DAL.csproj", "{A24E1395-DC26-4CB2-8C03-57D62C928EE8}"
EndProject
Project("{9A19103F-16F7-4668-BE54-9A1E7A4F7556}") = "FridayNight.Api", "FridayNight.Api\FridayNight.Api.csproj", "{CCF9837F-D334-4FAB-A119-6C926CC8CB8C}"
EndProject
Project("{FAE04EC0-301F-11D3-BF4B-00C04F79EFBC}") = "FridayNight.Core", "FridayNight.Core\FridayNight.Core.csproj", "{9FA09B15-1760-497E-A956-29367F867019}"
EndProject
Project("{FAE04EC0-301F-11D3-BF4B-00C04F79EFBC}") = "FridayNight.Library", "FridayNight.Library\FridayNight.Library.csproj", "{7A1AD44D-3713-4DCA-986B-CE7BE23DC796}"
EndProject
Global
	GlobalSection(SolutionConfigurationPlatforms) = preSolution
		Debug|Any CPU = Debug|Any CPU
		Release|Any CPU = Release|Any CPU
	EndGlobalSection
	GlobalSection(ProjectConfigurationPlatforms) = postSolution
		{A24E1395-DC26-4CB2-8C03-57D62C928EE8}.Debug|Any CPU.ActiveCfg = Debug|Any CPU
		{A24E1395-DC26-4CB2-8C03-57D62C928EE8}.Debug|Any CPU.Build.0 = Debug|Any CPU
		{A24E1395-DC26-4CB2-8C03-57D62C928EE8}.Release|Any CPU.ActiveCfg = Release|Any CPU
		{A24E1395-DC26-4CB2-8C03-57D62C928EE8}.Release|Any CPU.Build.0 = Release|Any CPU
		{CCF9837F-D334-4FAB-A119-6C926CC8CB8C}.Debug|Any CPU.ActiveCfg = Debug|Any CPU
		{CCF9837F-D334-4FAB-A119-6C926CC8CB8C}.Debug|Any CPU.Build.0 = Debug|Any CPU
		{CCF9837F-D334-4FAB-A119-6C926CC8CB8C}.Release|Any CPU.ActiveCfg = Release|Any CPU
		{CCF9837F-D334-4FAB-A119-6C926CC8CB8C}.Release|Any CPU.Build.0 = Release|Any CPU
		{9FA09B15-1760-497E-A956-29367F867019}.Debug|Any CPU.ActiveCfg = Debug|Any CPU
		{9FA09B15-1760-497E-A956-29367F867019}.Debug|Any CPU.Build.0 = Debug|Any CPU
		{9FA09B15-1760-497E-A956-29367F867019}.Release|Any CPU.ActiveCfg = Release|Any CPU
		{9FA09B15-1760-497E-A956-29367F867019}.Release|Any CPU.Build.0 = Release|Any CPU
		{7A1AD44D-3713-4DCA-986B-CE7BE23DC796}.Debug|Any CPU.ActiveCfg = Debug|Any CPU
		{7A1AD44D-3713-4DCA-986B-CE7BE23DC796}.Debug|Any CPU.Build.0 = Debug|Any CPU
		{7A1AD44D-3713-4DCA-986B-CE7BE23DC796}.Release|Any CPU.ActiveCfg = Release|Any CPU
		{7A1AD44D-3713-4DCA-986B-CE7BE23DC796}.Release|Any CPU.Build.0 = Release|Any CPU
	EndGlobalSection
	GlobalSection(SolutionProperties) = preSolution
		HideSolutionNode = FALSE
	EndGlobalSection
	GlobalSection(ExtensibilityGlobals) = postSolution
		SolutionGuid = {0B9D2292-A53D-48D0-9AF9-364451AAFB81}
	EndGlobalSection
EndGlobal
