
Microsoft Visual Studio Solution File, Format Version 12.00
# Visual Studio Version 16
VisualStudioVersion = 16.0.29728.190
MinimumVisualStudioVersion = 10.0.40219.1
Project("{FAE04EC0-301F-11D3-BF4B-00C04F79EFBC}") = "FridayNightApp", "FridayNightApp\FridayNightApp.csproj", "{15B371D7-6F09-4BC5-AEFE-ACFD664FC7ED}"
EndProject
Global
	GlobalSection(SolutionConfigurationPlatforms) = preSolution
		Debug|Any CPU = Debug|Any CPU
		Release|Any CPU = Release|Any CPU
	EndGlobalSection
	GlobalSection(ProjectConfigurationPlatforms) = postSolution
		{15B371D7-6F09-4BC5-AEFE-ACFD664FC7ED}.Debug|Any CPU.ActiveCfg = Debug|Any CPU
		{15B371D7-6F09-4BC5-AEFE-ACFD664FC7ED}.Debug|Any CPU.Build.0 = Debug|Any CPU
		{15B371D7-6F09-4BC5-AEFE-ACFD664FC7ED}.Release|Any CPU.ActiveCfg = Release|Any CPU
		{15B371D7-6F09-4BC5-AEFE-ACFD664FC7ED}.Release|Any CPU.Build.0 = Release|Any CPU
	EndGlobalSection
	GlobalSection(SolutionProperties) = preSolution
		HideSolutionNode = FALSE
	EndGlobalSection
	GlobalSection(ExtensibilityGlobals) = postSolution
		SolutionGuid = {0B9D2292-A53D-48D0-9AF9-364451AAFB81}
	EndGlobalSection
EndGlobal
